// !$*UTF8*$!
{
	archiveVersion = 1;
	classes = {
	};
	objectVersion = 54;
	objects = {

/* Begin PBXBuildFile section */
		00E356F31AD99517003FC87E /* Shopping_AppTests.m in Sources */ = {isa = PBXBuildFile; fileRef = 00E356F21AD99517003FC87E /* Shopping_AppTests.m */; };
		13B07FBC1A68108700A75B9A /* AppDelegate.m in Sources */ = {isa = PBXBuildFile; fileRef = 13B07FB01A68108700A75B9A /* AppDelegate.m */; };
		13B07FBF1A68108700A75B9A /* Images.xcassets in Resources */ = {isa = PBXBuildFile; fileRef = 13B07FB51A68108700A75B9A /* Images.xcassets */; };
		13B07FC11A68108700A75B9A /* main.m in Sources */ = {isa = PBXBuildFile; fileRef = 13B07FB71A68108700A75B9A /* main.m */; };
		81AB9BB82411601600AC10FF /* LaunchScreen.storyboard in Resources */ = {isa = PBXBuildFile; fileRef = 81AB9BB72411601600AC10FF /* LaunchScreen.storyboard */; };
		B2887C46D6D94B569CDB4026 /* helvetica-neue-bold-italic.ttf in Resources */ = {isa = PBXBuildFile; fileRef = 90AD595D35F5491FBCCC3BB1 /* helvetica-neue-bold-italic.ttf */; };
		4B5E2EEE0F134DE9BB3F263F /* helvetica-neue-bold.ttf in Resources */ = {isa = PBXBuildFile; fileRef = F41CE9F70EE1452295B90FA7 /* helvetica-neue-bold.ttf */; };
		95EDA5A62FFF41B1979C2E40 /* helvetica-neue-condensed-black.ttf in Resources */ = {isa = PBXBuildFile; fileRef = BD2D2BCB0CBF48B0B1C7DAC0 /* helvetica-neue-condensed-black.ttf */; };
		51D070745E43462E867EF04A /* helvetica-neue-condensed-bold.ttf in Resources */ = {isa = PBXBuildFile; fileRef = CC160F04F3194A77914AA3C7 /* helvetica-neue-condensed-bold.ttf */; };
		7972B5443EE74DF08FD0E9EA /* helvetica-neue-italic.ttf in Resources */ = {isa = PBXBuildFile; fileRef = 4B30D5C73C574A208AC5BDC0 /* helvetica-neue-italic.ttf */; };
		4AD329A7F1324A9DAB71D904 /* helvetica-neue-light-italic.ttf in Resources */ = {isa = PBXBuildFile; fileRef = 1ED7203BF6344182A953A2B4 /* helvetica-neue-light-italic.ttf */; };
		0D7122E0003449AFB7ED3B56 /* helvetica-neue-light.ttf in Resources */ = {isa = PBXBuildFile; fileRef = 7D9981B6767048EA9709C1B8 /* helvetica-neue-light.ttf */; };
		73068CD6B6344546BA5627AF /* helvetica-neue-medium.ttf in Resources */ = {isa = PBXBuildFile; fileRef = 669BD41E64E64B129365CBB4 /* helvetica-neue-medium.ttf */; };
		32EA6B7112554B5FA9A3340B /* helvetica-neue-regular.ttf in Resources */ = {isa = PBXBuildFile; fileRef = DF01B95553624F3197A6A7B0 /* helvetica-neue-regular.ttf */; };
		D2080CB4D6C74D3785F433B5 /* helvetica-neue-ultra-light-italic.ttf in Resources */ = {isa = PBXBuildFile; fileRef = C05C4CA7F57944C19F880739 /* helvetica-neue-ultra-light-italic.ttf */; };
		882AEC5A041445A2B3E6EE08 /* helvetica-neue-ultra-light.ttf in Resources */ = {isa = PBXBuildFile; fileRef = 00E19CE353754EFE95F62669 /* helvetica-neue-ultra-light.ttf */; };
		A10A44E87563423E93486B73 /* HelveticaNeue-Bold.otf in Resources */ = {isa = PBXBuildFile; fileRef = FDFF843257CF46A391483767 /* HelveticaNeue-Bold.otf */; };
		F2EBF40071B34F2088E21ADF /* HelveticaNeue-BoldItalic.otf in Resources */ = {isa = PBXBuildFile; fileRef = 7ED5E8414411402AB9F07288 /* HelveticaNeue-BoldItalic.otf */; };
		E207CAB09F764F7383B7AD9F /* HelveticaNeue-CondensedBlack.otf in Resources */ = {isa = PBXBuildFile; fileRef = 7B7F459E9E914F6BAA147683 /* HelveticaNeue-CondensedBlack.otf */; };
		D1A914F95B034EB6889C4436 /* HelveticaNeue-CondensedBold.otf in Resources */ = {isa = PBXBuildFile; fileRef = AD90DFB9DF7A4E0CA14E9649 /* HelveticaNeue-CondensedBold.otf */; };
		B1625ABBDAFC47A6AF31FD92 /* HelveticaNeue-Italic.otf in Resources */ = {isa = PBXBuildFile; fileRef = 3F65E752AB944A34B2BE320A /* HelveticaNeue-Italic.otf */; };
		4F015F6710564186AC2378B4 /* HelveticaNeue-Light.otf in Resources */ = {isa = PBXBuildFile; fileRef = F3ADAFDFAF514E9C96622735 /* HelveticaNeue-Light.otf */; };
		01F1C39086424F9DB212BC44 /* HelveticaNeue-LightItalic.otf in Resources */ = {isa = PBXBuildFile; fileRef = DCFF0E953C8D4193B2EFD76B /* HelveticaNeue-LightItalic.otf */; };
		77B5743D600B499B9130B203 /* HelveticaNeue-Medium.otf in Resources */ = {isa = PBXBuildFile; fileRef = 2FCC0606A55446C0B96BC4BA /* HelveticaNeue-Medium.otf */; };
		27425199ED8C481D8FF23E7E /* HelveticaNeue-UltraLight.otf in Resources */ = {isa = PBXBuildFile; fileRef = D644FCDBE76444878E247FDB /* HelveticaNeue-UltraLight.otf */; };
		60E1EFFF14BE4FD9A365B211 /* HelveticaNeue-UltraLightItalic.otf in Resources */ = {isa = PBXBuildFile; fileRef = 65FE53BBF1BC4CDB8C7E7EC2 /* HelveticaNeue-UltraLightItalic.otf */; };
		DA2E5F4F4AF24DF1A76722BC /* HelveticaNeue.otf in Resources */ = {isa = PBXBuildFile; fileRef = 131FDF2255CC489AA7CFDD99 /* HelveticaNeue.otf */; };
		58B382220E7B4BE6B0228066 /* helveticaneue.ttf in Resources */ = {isa = PBXBuildFile; fileRef = DB234810596B43A2B998B022 /* helveticaneue.ttf */; };
		68E133EB24DB488CB434F6F8 /* helveticaneuebold.ttf in Resources */ = {isa = PBXBuildFile; fileRef = ECD8616B254449DA978B62A4 /* helveticaneuebold.ttf */; };
		9D7561F1618446FA8F3A9E8C /* helveticaneuebolditalic.ttf in Resources */ = {isa = PBXBuildFile; fileRef = D14FA7E884F64BBCB7AECCC9 /* helveticaneuebolditalic.ttf */; };
		0CA271B8E4174AE490BDC350 /* helveticaneuecondensedblack.ttf in Resources */ = {isa = PBXBuildFile; fileRef = F116632A75C645A78B5AD9FA /* helveticaneuecondensedblack.ttf */; };
		1D821D07001A483D8248C77F /* helveticaneuecondensedbold.ttf in Resources */ = {isa = PBXBuildFile; fileRef = 27CF5B6ADB774B83BFA325FB /* helveticaneuecondensedbold.ttf */; };
		14650C6EEC6F4F8989E11573 /* helveticaneueitalic.ttf in Resources */ = {isa = PBXBuildFile; fileRef = 96E7D1044C1E462F8B23121B /* helveticaneueitalic.ttf */; };
		3A129E3F9E2F46529877F92B /* helveticaneuelight.ttf in Resources */ = {isa = PBXBuildFile; fileRef = 4CFD92C83C9B4AF4B309287F /* helveticaneuelight.ttf */; };
		1FC2901103B04DD49DDA2CD3 /* helveticaneuelightitalic.ttf in Resources */ = {isa = PBXBuildFile; fileRef = DA7D762369A2421F97B32F07 /* helveticaneuelightitalic.ttf */; };
		02B324C76E7A4F899D7D245E /* helveticaneuemedium.ttf in Resources */ = {isa = PBXBuildFile; fileRef = BBC572F793874069812F5B0C /* helveticaneuemedium.ttf */; };
		70F5388CBA2045B19485A4AC /* helveticaneueultralight.ttf in Resources */ = {isa = PBXBuildFile; fileRef = 40ED249B3CFD49FDB71EAD7A /* helveticaneueultralight.ttf */; };
		0ACDE1EC86CC4261916DD64E /* helveticaneueultralightitalic.ttf in Resources */ = {isa = PBXBuildFile; fileRef = 1E22B003640E45D9BD0007D5 /* helveticaneueultralightitalic.ttf */; };
		23BBA2C5DEE44865A1920C32 /* Roboto-Black.ttf in Resources */ = {isa = PBXBuildFile; fileRef = 74ABDDABFAC14BF49DD9DAB8 /* Roboto-Black.ttf */; };
		A7CC7578E5EE4A1D9D200727 /* Roboto-BlackItalic.ttf in Resources */ = {isa = PBXBuildFile; fileRef = 7C7296A36070432BBBD1264B /* Roboto-BlackItalic.ttf */; };
		7B1CE2BF4B91428F852ADB53 /* Roboto-Bold.ttf in Resources */ = {isa = PBXBuildFile; fileRef = AAE1391FAB654C89879619EB /* Roboto-Bold.ttf */; };
		DF67728482A840BFB772E14F /* Roboto-BoldItalic.ttf in Resources */ = {isa = PBXBuildFile; fileRef = 6A27A2D3B75A439094CEF3FB /* Roboto-BoldItalic.ttf */; };
		D460ECA028AC40EB814D3BD7 /* Roboto-Italic.ttf in Resources */ = {isa = PBXBuildFile; fileRef = 357B38CF1191443DB848076E /* Roboto-Italic.ttf */; };
		B130F4717A5D4080935F3136 /* Roboto-Light.ttf in Resources */ = {isa = PBXBuildFile; fileRef = 6548D1E925954E27B96A268A /* Roboto-Light.ttf */; };
		26D92E478CED470EB861B94F /* Roboto-LightItalic.ttf in Resources */ = {isa = PBXBuildFile; fileRef = 87122B8558524F11A7BF8229 /* Roboto-LightItalic.ttf */; };
		2663B631F1D940D6930BF82B /* Roboto-Medium.ttf in Resources */ = {isa = PBXBuildFile; fileRef = 138A5067ED7643F0B279C098 /* Roboto-Medium.ttf */; };
		D3A0E8C31B7748A18E8F37FA /* Roboto-MediumItalic.ttf in Resources */ = {isa = PBXBuildFile; fileRef = 969C25A8973D421696EB3AFD /* Roboto-MediumItalic.ttf */; };
		DA5DC06C13184B0A99D2D167 /* Roboto-Regular.ttf in Resources */ = {isa = PBXBuildFile; fileRef = 86C50032DEA9406EBB157F3C /* Roboto-Regular.ttf */; };
		589BC7A55D3848E9B7F1C664 /* Roboto-Thin.ttf in Resources */ = {isa = PBXBuildFile; fileRef = 381E93BA537A4D2480696DDE /* Roboto-Thin.ttf */; };
		9E2464E5B95C4B0EBE18D71F /* Roboto-ThinItalic.ttf in Resources */ = {isa = PBXBuildFile; fileRef = 1A1543E07B7C460790F4443F /* Roboto-ThinItalic.ttf */; };
		E71C756942D64CC6948A1088 /* AntDesign.ttf in Resources */ = {isa = PBXBuildFile; fileRef = DCA00968EFAB405D8CB2BE76 /* AntDesign.ttf */; };
		86D3F316B9E54F728952FE6E /* Entypo.ttf in Resources */ = {isa = PBXBuildFile; fileRef = A060BF24D57D432FB2328ADE /* Entypo.ttf */; };
		C3687D1D94904BAA85828317 /* EvilIcons.ttf in Resources */ = {isa = PBXBuildFile; fileRef = E35C6A6FD29344798DECE3AC /* EvilIcons.ttf */; };
		92A213CF45B94AAF9B6A9C19 /* Feather.ttf in Resources */ = {isa = PBXBuildFile; fileRef = 52B93A937D88407497D5D4CA /* Feather.ttf */; };
		12660046A5E248188E03DF26 /* FontAwesome.ttf in Resources */ = {isa = PBXBuildFile; fileRef = FEF44AA887D0417F80021105 /* FontAwesome.ttf */; };
		E8AD86D642BE448A9ADE8B8F /* FontAwesome5_Brands.ttf in Resources */ = {isa = PBXBuildFile; fileRef = ABEF1005714B47769DAF9519 /* FontAwesome5_Brands.ttf */; };
		D105A3A5F4754FBD9A427902 /* FontAwesome5_Regular.ttf in Resources */ = {isa = PBXBuildFile; fileRef = 17413B1E49524FF2B9CF7A35 /* FontAwesome5_Regular.ttf */; };
		B7A58C9361AE4532B20E248E /* FontAwesome5_Solid.ttf in Resources */ = {isa = PBXBuildFile; fileRef = 1BFD7B8A12544D8BB82FBC3E /* FontAwesome5_Solid.ttf */; };
		6F6793821365426D915AA6FB /* Fontisto.ttf in Resources */ = {isa = PBXBuildFile; fileRef = C8370C5264074858AD3CB9DF /* Fontisto.ttf */; };
		FC5FCA2C23D7416680A8D5FD /* Foundation.ttf in Resources */ = {isa = PBXBuildFile; fileRef = 3CA4F7AB04C747D8A6E6381E /* Foundation.ttf */; };
		85A0A92838484EE496C2D0BC /* Ionicons.ttf in Resources */ = {isa = PBXBuildFile; fileRef = FF8E49CFB9E14FEB99C832AC /* Ionicons.ttf */; };
		2130035DFF9C479491F66018 /* MaterialCommunityIcons.ttf in Resources */ = {isa = PBXBuildFile; fileRef = 07A6E9AF7B4E4DD38DB4CC7D /* MaterialCommunityIcons.ttf */; };
		176486BB29E3474B9DD65619 /* MaterialIcons.ttf in Resources */ = {isa = PBXBuildFile; fileRef = 8570290D9CAA490182959149 /* MaterialIcons.ttf */; };
		8BD5A8CB0348424697D16825 /* Octicons.ttf in Resources */ = {isa = PBXBuildFile; fileRef = 5C303B64A323488892BBAF1D /* Octicons.ttf */; };
		2E79EA848E0B4D8C8A8DBC25 /* SimpleLineIcons.ttf in Resources */ = {isa = PBXBuildFile; fileRef = C858FFD0696C4317AE4F19A5 /* SimpleLineIcons.ttf */; };
		B2E91884087147648EC2D989 /* Zocial.ttf in Resources */ = {isa = PBXBuildFile; fileRef = 475C332350C64A698A6E85E3 /* Zocial.ttf */; };
/* End PBXBuildFile section */

/* Begin PBXContainerItemProxy section */
		00E356F41AD99517003FC87E /* PBXContainerItemProxy */ = {
			isa = PBXContainerItemProxy;
			containerPortal = 83CBB9F71A601CBA00E9B192 /* Project object */;
			proxyType = 1;
			remoteGlobalIDString = 13B07F861A680F5B00A75B9A;
			remoteInfo = Shopping_App;
		};
/* End PBXContainerItemProxy section */

/* Begin PBXFileReference section */
		00E356EE1AD99517003FC87E /* Shopping_AppTests.xctest */ = {isa = PBXFileReference; explicitFileType = wrapper.cfbundle; includeInIndex = 0; path = Shopping_AppTests.xctest; sourceTree = BUILT_PRODUCTS_DIR; };
		00E356F11AD99517003FC87E /* Info.plist */ = {isa = PBXFileReference; lastKnownFileType = text.plist.xml; path = Info.plist; sourceTree = "<group>"; };
		00E356F21AD99517003FC87E /* Shopping_AppTests.m */ = {isa = PBXFileReference; lastKnownFileType = sourcecode.c.objc; path = Shopping_AppTests.m; sourceTree = "<group>"; };
		13B07F961A680F5B00A75B9A /* Shopping_App.app */ = {isa = PBXFileReference; explicitFileType = wrapper.application; includeInIndex = 0; path = Shopping_App.app; sourceTree = BUILT_PRODUCTS_DIR; };
		13B07FAF1A68108700A75B9A /* AppDelegate.h */ = {isa = PBXFileReference; fileEncoding = 4; lastKnownFileType = sourcecode.c.h; name = AppDelegate.h; path = Shopping_App/AppDelegate.h; sourceTree = "<group>"; };
		13B07FB01A68108700A75B9A /* AppDelegate.m */ = {isa = PBXFileReference; fileEncoding = 4; lastKnownFileType = sourcecode.c.objc; name = AppDelegate.m; path = Shopping_App/AppDelegate.m; sourceTree = "<group>"; };
		13B07FB51A68108700A75B9A /* Images.xcassets */ = {isa = PBXFileReference; lastKnownFileType = folder.assetcatalog; name = Images.xcassets; path = Shopping_App/Images.xcassets; sourceTree = "<group>"; };
		13B07FB61A68108700A75B9A /* Info.plist */ = {isa = PBXFileReference; fileEncoding = 4; lastKnownFileType = text.plist.xml; name = Info.plist; path = Shopping_App/Info.plist; sourceTree = "<group>"; };
		13B07FB71A68108700A75B9A /* main.m */ = {isa = PBXFileReference; fileEncoding = 4; lastKnownFileType = sourcecode.c.objc; name = main.m; path = Shopping_App/main.m; sourceTree = "<group>"; };
		81AB9BB72411601600AC10FF /* LaunchScreen.storyboard */ = {isa = PBXFileReference; fileEncoding = 4; lastKnownFileType = file.storyboard; name = LaunchScreen.storyboard; path = Shopping_App/LaunchScreen.storyboard; sourceTree = "<group>"; };
		ED297162215061F000B7C4FE /* JavaScriptCore.framework */ = {isa = PBXFileReference; lastKnownFileType = wrapper.framework; name = JavaScriptCore.framework; path = System/Library/Frameworks/JavaScriptCore.framework; sourceTree = SDKROOT; };
		90AD595D35F5491FBCCC3BB1 /* helvetica-neue-bold-italic.ttf */ = {isa = PBXFileReference; name = "helvetica-neue-bold-italic.ttf"; path = "../src/assets/fonts/helvetica-neue-bold-italic.ttf"; sourceTree = "<group>"; fileEncoding = undefined; lastKnownFileType = unknown; explicitFileType = undefined; includeInIndex = 0; };
		F41CE9F70EE1452295B90FA7 /* helvetica-neue-bold.ttf */ = {isa = PBXFileReference; name = "helvetica-neue-bold.ttf"; path = "../src/assets/fonts/helvetica-neue-bold.ttf"; sourceTree = "<group>"; fileEncoding = undefined; lastKnownFileType = unknown; explicitFileType = undefined; includeInIndex = 0; };
		BD2D2BCB0CBF48B0B1C7DAC0 /* helvetica-neue-condensed-black.ttf */ = {isa = PBXFileReference; name = "helvetica-neue-condensed-black.ttf"; path = "../src/assets/fonts/helvetica-neue-condensed-black.ttf"; sourceTree = "<group>"; fileEncoding = undefined; lastKnownFileType = unknown; explicitFileType = undefined; includeInIndex = 0; };
		CC160F04F3194A77914AA3C7 /* helvetica-neue-condensed-bold.ttf */ = {isa = PBXFileReference; name = "helvetica-neue-condensed-bold.ttf"; path = "../src/assets/fonts/helvetica-neue-condensed-bold.ttf"; sourceTree = "<group>"; fileEncoding = undefined; lastKnownFileType = unknown; explicitFileType = undefined; includeInIndex = 0; };
		4B30D5C73C574A208AC5BDC0 /* helvetica-neue-italic.ttf */ = {isa = PBXFileReference; name = "helvetica-neue-italic.ttf"; path = "../src/assets/fonts/helvetica-neue-italic.ttf"; sourceTree = "<group>"; fileEncoding = undefined; lastKnownFileType = unknown; explicitFileType = undefined; includeInIndex = 0; };
		1ED7203BF6344182A953A2B4 /* helvetica-neue-light-italic.ttf */ = {isa = PBXFileReference; name = "helvetica-neue-light-italic.ttf"; path = "../src/assets/fonts/helvetica-neue-light-italic.ttf"; sourceTree = "<group>"; fileEncoding = undefined; lastKnownFileType = unknown; explicitFileType = undefined; includeInIndex = 0; };
		7D9981B6767048EA9709C1B8 /* helvetica-neue-light.ttf */ = {isa = PBXFileReference; name = "helvetica-neue-light.ttf"; path = "../src/assets/fonts/helvetica-neue-light.ttf"; sourceTree = "<group>"; fileEncoding = undefined; lastKnownFileType = unknown; explicitFileType = undefined; includeInIndex = 0; };
		669BD41E64E64B129365CBB4 /* helvetica-neue-medium.ttf */ = {isa = PBXFileReference; name = "helvetica-neue-medium.ttf"; path = "../src/assets/fonts/helvetica-neue-medium.ttf"; sourceTree = "<group>"; fileEncoding = undefined; lastKnownFileType = unknown; explicitFileType = undefined; includeInIndex = 0; };
		DF01B95553624F3197A6A7B0 /* helvetica-neue-regular.ttf */ = {isa = PBXFileReference; name = "helvetica-neue-regular.ttf"; path = "../src/assets/fonts/helvetica-neue-regular.ttf"; sourceTree = "<group>"; fileEncoding = undefined; lastKnownFileType = unknown; explicitFileType = undefined; includeInIndex = 0; };
		C05C4CA7F57944C19F880739 /* helvetica-neue-ultra-light-italic.ttf */ = {isa = PBXFileReference; name = "helvetica-neue-ultra-light-italic.ttf"; path = "../src/assets/fonts/helvetica-neue-ultra-light-italic.ttf"; sourceTree = "<group>"; fileEncoding = undefined; lastKnownFileType = unknown; explicitFileType = undefined; includeInIndex = 0; };
		00E19CE353754EFE95F62669 /* helvetica-neue-ultra-light.ttf */ = {isa = PBXFileReference; name = "helvetica-neue-ultra-light.ttf"; path = "../src/assets/fonts/helvetica-neue-ultra-light.ttf"; sourceTree = "<group>"; fileEncoding = undefined; lastKnownFileType = unknown; explicitFileType = undefined; includeInIndex = 0; };
		FDFF843257CF46A391483767 /* HelveticaNeue-Bold.otf */ = {isa = PBXFileReference; name = "HelveticaNeue-Bold.otf"; path = "../src/assets/fonts/HelveticaNeue-Bold.otf"; sourceTree = "<group>"; fileEncoding = undefined; lastKnownFileType = unknown; explicitFileType = undefined; includeInIndex = 0; };
		7ED5E8414411402AB9F07288 /* HelveticaNeue-BoldItalic.otf */ = {isa = PBXFileReference; name = "HelveticaNeue-BoldItalic.otf"; path = "../src/assets/fonts/HelveticaNeue-BoldItalic.otf"; sourceTree = "<group>"; fileEncoding = undefined; lastKnownFileType = unknown; explicitFileType = undefined; includeInIndex = 0; };
		7B7F459E9E914F6BAA147683 /* HelveticaNeue-CondensedBlack.otf */ = {isa = PBXFileReference; name = "HelveticaNeue-CondensedBlack.otf"; path = "../src/assets/fonts/HelveticaNeue-CondensedBlack.otf"; sourceTree = "<group>"; fileEncoding = undefined; lastKnownFileType = unknown; explicitFileType = undefined; includeInIndex = 0; };
		AD90DFB9DF7A4E0CA14E9649 /* HelveticaNeue-CondensedBold.otf */ = {isa = PBXFileReference; name = "HelveticaNeue-CondensedBold.otf"; path = "../src/assets/fonts/HelveticaNeue-CondensedBold.otf"; sourceTree = "<group>"; fileEncoding = undefined; lastKnownFileType = unknown; explicitFileType = undefined; includeInIndex = 0; };
		3F65E752AB944A34B2BE320A /* HelveticaNeue-Italic.otf */ = {isa = PBXFileReference; name = "HelveticaNeue-Italic.otf"; path = "../src/assets/fonts/HelveticaNeue-Italic.otf"; sourceTree = "<group>"; fileEncoding = undefined; lastKnownFileType = unknown; explicitFileType = undefined; includeInIndex = 0; };
		F3ADAFDFAF514E9C96622735 /* HelveticaNeue-Light.otf */ = {isa = PBXFileReference; name = "HelveticaNeue-Light.otf"; path = "../src/assets/fonts/HelveticaNeue-Light.otf"; sourceTree = "<group>"; fileEncoding = undefined; lastKnownFileType = unknown; explicitFileType = undefined; includeInIndex = 0; };
		DCFF0E953C8D4193B2EFD76B /* HelveticaNeue-LightItalic.otf */ = {isa = PBXFileReference; name = "HelveticaNeue-LightItalic.otf"; path = "../src/assets/fonts/HelveticaNeue-LightItalic.otf"; sourceTree = "<group>"; fileEncoding = undefined; lastKnownFileType = unknown; explicitFileType = undefined; includeInIndex = 0; };
		2FCC0606A55446C0B96BC4BA /* HelveticaNeue-Medium.otf */ = {isa = PBXFileReference; name = "HelveticaNeue-Medium.otf"; path = "../src/assets/fonts/HelveticaNeue-Medium.otf"; sourceTree = "<group>"; fileEncoding = undefined; lastKnownFileType = unknown; explicitFileType = undefined; includeInIndex = 0; };
		D644FCDBE76444878E247FDB /* HelveticaNeue-UltraLight.otf */ = {isa = PBXFileReference; name = "HelveticaNeue-UltraLight.otf"; path = "../src/assets/fonts/HelveticaNeue-UltraLight.otf"; sourceTree = "<group>"; fileEncoding = undefined; lastKnownFileType = unknown; explicitFileType = undefined; includeInIndex = 0; };
		65FE53BBF1BC4CDB8C7E7EC2 /* HelveticaNeue-UltraLightItalic.otf */ = {isa = PBXFileReference; name = "HelveticaNeue-UltraLightItalic.otf"; path = "../src/assets/fonts/HelveticaNeue-UltraLightItalic.otf"; sourceTree = "<group>"; fileEncoding = undefined; lastKnownFileType = unknown; explicitFileType = undefined; includeInIndex = 0; };
		131FDF2255CC489AA7CFDD99 /* HelveticaNeue.otf */ = {isa = PBXFileReference; name = "HelveticaNeue.otf"; path = "../src/assets/fonts/HelveticaNeue.otf"; sourceTree = "<group>"; fileEncoding = undefined; lastKnownFileType = unknown; explicitFileType = undefined; includeInIndex = 0; };
		DB234810596B43A2B998B022 /* helveticaneue.ttf */ = {isa = PBXFileReference; name = "helveticaneue.ttf"; path = "../src/assets/fonts/helveticaneue.ttf"; sourceTree = "<group>"; fileEncoding = undefined; lastKnownFileType = unknown; explicitFileType = undefined; includeInIndex = 0; };
		ECD8616B254449DA978B62A4 /* helveticaneuebold.ttf */ = {isa = PBXFileReference; name = "helveticaneuebold.ttf"; path = "../src/assets/fonts/helveticaneuebold.ttf"; sourceTree = "<group>"; fileEncoding = undefined; lastKnownFileType = unknown; explicitFileType = undefined; includeInIndex = 0; };
		D14FA7E884F64BBCB7AECCC9 /* helveticaneuebolditalic.ttf */ = {isa = PBXFileReference; name = "helveticaneuebolditalic.ttf"; path = "../src/assets/fonts/helveticaneuebolditalic.ttf"; sourceTree = "<group>"; fileEncoding = undefined; lastKnownFileType = unknown; explicitFileType = undefined; includeInIndex = 0; };
		F116632A75C645A78B5AD9FA /* helveticaneuecondensedblack.ttf */ = {isa = PBXFileReference; name = "helveticaneuecondensedblack.ttf"; path = "../src/assets/fonts/helveticaneuecondensedblack.ttf"; sourceTree = "<group>"; fileEncoding = undefined; lastKnownFileType = unknown; explicitFileType = undefined; includeInIndex = 0; };
		27CF5B6ADB774B83BFA325FB /* helveticaneuecondensedbold.ttf */ = {isa = PBXFileReference; name = "helveticaneuecondensedbold.ttf"; path = "../src/assets/fonts/helveticaneuecondensedbold.ttf"; sourceTree = "<group>"; fileEncoding = undefined; lastKnownFileType = unknown; explicitFileType = undefined; includeInIndex = 0; };
		96E7D1044C1E462F8B23121B /* helveticaneueitalic.ttf */ = {isa = PBXFileReference; name = "helveticaneueitalic.ttf"; path = "../src/assets/fonts/helveticaneueitalic.ttf"; sourceTree = "<group>"; fileEncoding = undefined; lastKnownFileType = unknown; explicitFileType = undefined; includeInIndex = 0; };
		4CFD92C83C9B4AF4B309287F /* helveticaneuelight.ttf */ = {isa = PBXFileReference; name = "helveticaneuelight.ttf"; path = "../src/assets/fonts/helveticaneuelight.ttf"; sourceTree = "<group>"; fileEncoding = undefined; lastKnownFileType = unknown; explicitFileType = undefined; includeInIndex = 0; };
		DA7D762369A2421F97B32F07 /* helveticaneuelightitalic.ttf */ = {isa = PBXFileReference; name = "helveticaneuelightitalic.ttf"; path = "../src/assets/fonts/helveticaneuelightitalic.ttf"; sourceTree = "<group>"; fileEncoding = undefined; lastKnownFileType = unknown; explicitFileType = undefined; includeInIndex = 0; };
		BBC572F793874069812F5B0C /* helveticaneuemedium.ttf */ = {isa = PBXFileReference; name = "helveticaneuemedium.ttf"; path = "../src/assets/fonts/helveticaneuemedium.ttf"; sourceTree = "<group>"; fileEncoding = undefined; lastKnownFileType = unknown; explicitFileType = undefined; includeInIndex = 0; };
		40ED249B3CFD49FDB71EAD7A /* helveticaneueultralight.ttf */ = {isa = PBXFileReference; name = "helveticaneueultralight.ttf"; path = "../src/assets/fonts/helveticaneueultralight.ttf"; sourceTree = "<group>"; fileEncoding = undefined; lastKnownFileType = unknown; explicitFileType = undefined; includeInIndex = 0; };
		1E22B003640E45D9BD0007D5 /* helveticaneueultralightitalic.ttf */ = {isa = PBXFileReference; name = "helveticaneueultralightitalic.ttf"; path = "../src/assets/fonts/helveticaneueultralightitalic.ttf"; sourceTree = "<group>"; fileEncoding = undefined; lastKnownFileType = unknown; explicitFileType = undefined; includeInIndex = 0; };
		74ABDDABFAC14BF49DD9DAB8 /* Roboto-Black.ttf */ = {isa = PBXFileReference; name = "Roboto-Black.ttf"; path = "../src/assets/fonts/Roboto-Black.ttf"; sourceTree = "<group>"; fileEncoding = undefined; lastKnownFileType = unknown; explicitFileType = undefined; includeInIndex = 0; };
		7C7296A36070432BBBD1264B /* Roboto-BlackItalic.ttf */ = {isa = PBXFileReference; name = "Roboto-BlackItalic.ttf"; path = "../src/assets/fonts/Roboto-BlackItalic.ttf"; sourceTree = "<group>"; fileEncoding = undefined; lastKnownFileType = unknown; explicitFileType = undefined; includeInIndex = 0; };
		AAE1391FAB654C89879619EB /* Roboto-Bold.ttf */ = {isa = PBXFileReference; name = "Roboto-Bold.ttf"; path = "../src/assets/fonts/Roboto-Bold.ttf"; sourceTree = "<group>"; fileEncoding = undefined; lastKnownFileType = unknown; explicitFileType = undefined; includeInIndex = 0; };
		6A27A2D3B75A439094CEF3FB /* Roboto-BoldItalic.ttf */ = {isa = PBXFileReference; name = "Roboto-BoldItalic.ttf"; path = "../src/assets/fonts/Roboto-BoldItalic.ttf"; sourceTree = "<group>"; fileEncoding = undefined; lastKnownFileType = unknown; explicitFileType = undefined; includeInIndex = 0; };
		357B38CF1191443DB848076E /* Roboto-Italic.ttf */ = {isa = PBXFileReference; name = "Roboto-Italic.ttf"; path = "../src/assets/fonts/Roboto-Italic.ttf"; sourceTree = "<group>"; fileEncoding = undefined; lastKnownFileType = unknown; explicitFileType = undefined; includeInIndex = 0; };
		6548D1E925954E27B96A268A /* Roboto-Light.ttf */ = {isa = PBXFileReference; name = "Roboto-Light.ttf"; path = "../src/assets/fonts/Roboto-Light.ttf"; sourceTree = "<group>"; fileEncoding = undefined; lastKnownFileType = unknown; explicitFileType = undefined; includeInIndex = 0; };
		87122B8558524F11A7BF8229 /* Roboto-LightItalic.ttf */ = {isa = PBXFileReference; name = "Roboto-LightItalic.ttf"; path = "../src/assets/fonts/Roboto-LightItalic.ttf"; sourceTree = "<group>"; fileEncoding = undefined; lastKnownFileType = unknown; explicitFileType = undefined; includeInIndex = 0; };
		138A5067ED7643F0B279C098 /* Roboto-Medium.ttf */ = {isa = PBXFileReference; name = "Roboto-Medium.ttf"; path = "../src/assets/fonts/Roboto-Medium.ttf"; sourceTree = "<group>"; fileEncoding = undefined; lastKnownFileType = unknown; explicitFileType = undefined; includeInIndex = 0; };
		969C25A8973D421696EB3AFD /* Roboto-MediumItalic.ttf */ = {isa = PBXFileReference; name = "Roboto-MediumItalic.ttf"; path = "../src/assets/fonts/Roboto-MediumItalic.ttf"; sourceTree = "<group>"; fileEncoding = undefined; lastKnownFileType = unknown; explicitFileType = undefined; includeInIndex = 0; };
		86C50032DEA9406EBB157F3C /* Roboto-Regular.ttf */ = {isa = PBXFileReference; name = "Roboto-Regular.ttf"; path = "../src/assets/fonts/Roboto-Regular.ttf"; sourceTree = "<group>"; fileEncoding = undefined; lastKnownFileType = unknown; explicitFileType = undefined; includeInIndex = 0; };
		381E93BA537A4D2480696DDE /* Roboto-Thin.ttf */ = {isa = PBXFileReference; name = "Roboto-Thin.ttf"; path = "../src/assets/fonts/Roboto-Thin.ttf"; sourceTree = "<group>"; fileEncoding = undefined; lastKnownFileType = unknown; explicitFileType = undefined; includeInIndex = 0; };
		1A1543E07B7C460790F4443F /* Roboto-ThinItalic.ttf */ = {isa = PBXFileReference; name = "Roboto-ThinItalic.ttf"; path = "../src/assets/fonts/Roboto-ThinItalic.ttf"; sourceTree = "<group>"; fileEncoding = undefined; lastKnownFileType = unknown; explicitFileType = undefined; includeInIndex = 0; };
		DCA00968EFAB405D8CB2BE76 /* AntDesign.ttf */ = {isa = PBXFileReference; name = "AntDesign.ttf"; path = "../node_modules/react-native-vector-icons/Fonts/AntDesign.ttf"; sourceTree = "<group>"; fileEncoding = undefined; lastKnownFileType = unknown; explicitFileType = undefined; includeInIndex = 0; };
		A060BF24D57D432FB2328ADE /* Entypo.ttf */ = {isa = PBXFileReference; name = "Entypo.ttf"; path = "../node_modules/react-native-vector-icons/Fonts/Entypo.ttf"; sourceTree = "<group>"; fileEncoding = undefined; lastKnownFileType = unknown; explicitFileType = undefined; includeInIndex = 0; };
		E35C6A6FD29344798DECE3AC /* EvilIcons.ttf */ = {isa = PBXFileReference; name = "EvilIcons.ttf"; path = "../node_modules/react-native-vector-icons/Fonts/EvilIcons.ttf"; sourceTree = "<group>"; fileEncoding = undefined; lastKnownFileType = unknown; explicitFileType = undefined; includeInIndex = 0; };
		52B93A937D88407497D5D4CA /* Feather.ttf */ = {isa = PBXFileReference; name = "Feather.ttf"; path = "../node_modules/react-native-vector-icons/Fonts/Feather.ttf"; sourceTree = "<group>"; fileEncoding = undefined; lastKnownFileType = unknown; explicitFileType = undefined; includeInIndex = 0; };
		FEF44AA887D0417F80021105 /* FontAwesome.ttf */ = {isa = PBXFileReference; name = "FontAwesome.ttf"; path = "../node_modules/react-native-vector-icons/Fonts/FontAwesome.ttf"; sourceTree = "<group>"; fileEncoding = undefined; lastKnownFileType = unknown; explicitFileType = undefined; includeInIndex = 0; };
		ABEF1005714B47769DAF9519 /* FontAwesome5_Brands.ttf */ = {isa = PBXFileReference; name = "FontAwesome5_Brands.ttf"; path = "../node_modules/react-native-vector-icons/Fonts/FontAwesome5_Brands.ttf"; sourceTree = "<group>"; fileEncoding = undefined; lastKnownFileType = unknown; explicitFileType = undefined; includeInIndex = 0; };
		17413B1E49524FF2B9CF7A35 /* FontAwesome5_Regular.ttf */ = {isa = PBXFileReference; name = "FontAwesome5_Regular.ttf"; path = "../node_modules/react-native-vector-icons/Fonts/FontAwesome5_Regular.ttf"; sourceTree = "<group>"; fileEncoding = undefined; lastKnownFileType = unknown; explicitFileType = undefined; includeInIndex = 0; };
		1BFD7B8A12544D8BB82FBC3E /* FontAwesome5_Solid.ttf */ = {isa = PBXFileReference; name = "FontAwesome5_Solid.ttf"; path = "../node_modules/react-native-vector-icons/Fonts/FontAwesome5_Solid.ttf"; sourceTree = "<group>"; fileEncoding = undefined; lastKnownFileType = unknown; explicitFileType = undefined; includeInIndex = 0; };
		C8370C5264074858AD3CB9DF /* Fontisto.ttf */ = {isa = PBXFileReference; name = "Fontisto.ttf"; path = "../node_modules/react-native-vector-icons/Fonts/Fontisto.ttf"; sourceTree = "<group>"; fileEncoding = undefined; lastKnownFileType = unknown; explicitFileType = undefined; includeInIndex = 0; };
		3CA4F7AB04C747D8A6E6381E /* Foundation.ttf */ = {isa = PBXFileReference; name = "Foundation.ttf"; path = "../node_modules/react-native-vector-icons/Fonts/Foundation.ttf"; sourceTree = "<group>"; fileEncoding = undefined; lastKnownFileType = unknown; explicitFileType = undefined; includeInIndex = 0; };
		FF8E49CFB9E14FEB99C832AC /* Ionicons.ttf */ = {isa = PBXFileReference; name = "Ionicons.ttf"; path = "../node_modules/react-native-vector-icons/Fonts/Ionicons.ttf"; sourceTree = "<group>"; fileEncoding = undefined; lastKnownFileType = unknown; explicitFileType = undefined; includeInIndex = 0; };
		07A6E9AF7B4E4DD38DB4CC7D /* MaterialCommunityIcons.ttf */ = {isa = PBXFileReference; name = "MaterialCommunityIcons.ttf"; path = "../node_modules/react-native-vector-icons/Fonts/MaterialCommunityIcons.ttf"; sourceTree = "<group>"; fileEncoding = undefined; lastKnownFileType = unknown; explicitFileType = undefined; includeInIndex = 0; };
		8570290D9CAA490182959149 /* MaterialIcons.ttf */ = {isa = PBXFileReference; name = "MaterialIcons.ttf"; path = "../node_modules/react-native-vector-icons/Fonts/MaterialIcons.ttf"; sourceTree = "<group>"; fileEncoding = undefined; lastKnownFileType = unknown; explicitFileType = undefined; includeInIndex = 0; };
		5C303B64A323488892BBAF1D /* Octicons.ttf */ = {isa = PBXFileReference; name = "Octicons.ttf"; path = "../node_modules/react-native-vector-icons/Fonts/Octicons.ttf"; sourceTree = "<group>"; fileEncoding = undefined; lastKnownFileType = unknown; explicitFileType = undefined; includeInIndex = 0; };
		C858FFD0696C4317AE4F19A5 /* SimpleLineIcons.ttf */ = {isa = PBXFileReference; name = "SimpleLineIcons.ttf"; path = "../node_modules/react-native-vector-icons/Fonts/SimpleLineIcons.ttf"; sourceTree = "<group>"; fileEncoding = undefined; lastKnownFileType = unknown; explicitFileType = undefined; includeInIndex = 0; };
		475C332350C64A698A6E85E3 /* Zocial.ttf */ = {isa = PBXFileReference; name = "Zocial.ttf"; path = "../node_modules/react-native-vector-icons/Fonts/Zocial.ttf"; sourceTree = "<group>"; fileEncoding = undefined; lastKnownFileType = unknown; explicitFileType = undefined; includeInIndex = 0; };
/* End PBXFileReference section */

/* Begin PBXFrameworksBuildPhase section */
		00E356EB1AD99517003FC87E /* Frameworks */ = {
			isa = PBXFrameworksBuildPhase;
			buildActionMask = 2147483647;
			files = (
			);
			runOnlyForDeploymentPostprocessing = 0;
		};
		13B07F8C1A680F5B00A75B9A /* Frameworks */ = {
			isa = PBXFrameworksBuildPhase;
			buildActionMask = 2147483647;
			files = (
			);
			runOnlyForDeploymentPostprocessing = 0;
		};
/* End PBXFrameworksBuildPhase section */

/* Begin PBXGroup section */
		00E356EF1AD99517003FC87E /* Shopping_AppTests */ = {
			isa = PBXGroup;
			children = (
				00E356F21AD99517003FC87E /* Shopping_AppTests.m */,
				00E356F01AD99517003FC87E /* Supporting Files */,
			);
			path = Shopping_AppTests;
			sourceTree = "<group>";
		};
		00E356F01AD99517003FC87E /* Supporting Files */ = {
			isa = PBXGroup;
			children = (
				00E356F11AD99517003FC87E /* Info.plist */,
			);
			name = "Supporting Files";
			sourceTree = "<group>";
		};
		13B07FAE1A68108700A75B9A /* Shopping_App */ = {
			isa = PBXGroup;
			children = (
				13B07FAF1A68108700A75B9A /* AppDelegate.h */,
				13B07FB01A68108700A75B9A /* AppDelegate.m */,
				13B07FB51A68108700A75B9A /* Images.xcassets */,
				13B07FB61A68108700A75B9A /* Info.plist */,
				81AB9BB72411601600AC10FF /* LaunchScreen.storyboard */,
				13B07FB71A68108700A75B9A /* main.m */,
			);
			name = Shopping_App;
			sourceTree = "<group>";
		};
		2D16E6871FA4F8E400B85C8A /* Frameworks */ = {
			isa = PBXGroup;
			children = (
				ED297162215061F000B7C4FE /* JavaScriptCore.framework */,
			);
			name = Frameworks;
			sourceTree = "<group>";
		};
		832341AE1AAA6A7D00B99B32 /* Libraries */ = {
			isa = PBXGroup;
			children = (
			);
			name = Libraries;
			sourceTree = "<group>";
		};
		83CBB9F61A601CBA00E9B192 = {
			isa = PBXGroup;
			children = (
				13B07FAE1A68108700A75B9A /* Shopping_App */,
				832341AE1AAA6A7D00B99B32 /* Libraries */,
				00E356EF1AD99517003FC87E /* Shopping_AppTests */,
				83CBBA001A601CBA00E9B192 /* Products */,
				2D16E6871FA4F8E400B85C8A /* Frameworks */,
				EE2CDA84B60641A08B9ADE5A /* Resources */,
			);
			indentWidth = 2;
			sourceTree = "<group>";
			tabWidth = 2;
			usesTabs = 0;
		};
		83CBBA001A601CBA00E9B192 /* Products */ = {
			isa = PBXGroup;
			children = (
				13B07F961A680F5B00A75B9A /* Shopping_App.app */,
				00E356EE1AD99517003FC87E /* Shopping_AppTests.xctest */,
			);
			name = Products;
			sourceTree = "<group>";
		};
		EE2CDA84B60641A08B9ADE5A /* Resources */ = {
			isa = "PBXGroup";
			children = (
				90AD595D35F5491FBCCC3BB1 /* helvetica-neue-bold-italic.ttf */,
				F41CE9F70EE1452295B90FA7 /* helvetica-neue-bold.ttf */,
				BD2D2BCB0CBF48B0B1C7DAC0 /* helvetica-neue-condensed-black.ttf */,
				CC160F04F3194A77914AA3C7 /* helvetica-neue-condensed-bold.ttf */,
				4B30D5C73C574A208AC5BDC0 /* helvetica-neue-italic.ttf */,
				1ED7203BF6344182A953A2B4 /* helvetica-neue-light-italic.ttf */,
				7D9981B6767048EA9709C1B8 /* helvetica-neue-light.ttf */,
				669BD41E64E64B129365CBB4 /* helvetica-neue-medium.ttf */,
				DF01B95553624F3197A6A7B0 /* helvetica-neue-regular.ttf */,
				C05C4CA7F57944C19F880739 /* helvetica-neue-ultra-light-italic.ttf */,
				00E19CE353754EFE95F62669 /* helvetica-neue-ultra-light.ttf */,
				FDFF843257CF46A391483767 /* HelveticaNeue-Bold.otf */,
				7ED5E8414411402AB9F07288 /* HelveticaNeue-BoldItalic.otf */,
				7B7F459E9E914F6BAA147683 /* HelveticaNeue-CondensedBlack.otf */,
				AD90DFB9DF7A4E0CA14E9649 /* HelveticaNeue-CondensedBold.otf */,
				3F65E752AB944A34B2BE320A /* HelveticaNeue-Italic.otf */,
				F3ADAFDFAF514E9C96622735 /* HelveticaNeue-Light.otf */,
				DCFF0E953C8D4193B2EFD76B /* HelveticaNeue-LightItalic.otf */,
				2FCC0606A55446C0B96BC4BA /* HelveticaNeue-Medium.otf */,
				D644FCDBE76444878E247FDB /* HelveticaNeue-UltraLight.otf */,
				65FE53BBF1BC4CDB8C7E7EC2 /* HelveticaNeue-UltraLightItalic.otf */,
				131FDF2255CC489AA7CFDD99 /* HelveticaNeue.otf */,
				DB234810596B43A2B998B022 /* helveticaneue.ttf */,
				ECD8616B254449DA978B62A4 /* helveticaneuebold.ttf */,
				D14FA7E884F64BBCB7AECCC9 /* helveticaneuebolditalic.ttf */,
				F116632A75C645A78B5AD9FA /* helveticaneuecondensedblack.ttf */,
				27CF5B6ADB774B83BFA325FB /* helveticaneuecondensedbold.ttf */,
				96E7D1044C1E462F8B23121B /* helveticaneueitalic.ttf */,
				4CFD92C83C9B4AF4B309287F /* helveticaneuelight.ttf */,
				DA7D762369A2421F97B32F07 /* helveticaneuelightitalic.ttf */,
				BBC572F793874069812F5B0C /* helveticaneuemedium.ttf */,
				40ED249B3CFD49FDB71EAD7A /* helveticaneueultralight.ttf */,
				1E22B003640E45D9BD0007D5 /* helveticaneueultralightitalic.ttf */,
				74ABDDABFAC14BF49DD9DAB8 /* Roboto-Black.ttf */,
				7C7296A36070432BBBD1264B /* Roboto-BlackItalic.ttf */,
				AAE1391FAB654C89879619EB /* Roboto-Bold.ttf */,
				6A27A2D3B75A439094CEF3FB /* Roboto-BoldItalic.ttf */,
				357B38CF1191443DB848076E /* Roboto-Italic.ttf */,
				6548D1E925954E27B96A268A /* Roboto-Light.ttf */,
				87122B8558524F11A7BF8229 /* Roboto-LightItalic.ttf */,
				138A5067ED7643F0B279C098 /* Roboto-Medium.ttf */,
				969C25A8973D421696EB3AFD /* Roboto-MediumItalic.ttf */,
				86C50032DEA9406EBB157F3C /* Roboto-Regular.ttf */,
				381E93BA537A4D2480696DDE /* Roboto-Thin.ttf */,
				1A1543E07B7C460790F4443F /* Roboto-ThinItalic.ttf */,
				DCA00968EFAB405D8CB2BE76 /* AntDesign.ttf */,
				A060BF24D57D432FB2328ADE /* Entypo.ttf */,
				E35C6A6FD29344798DECE3AC /* EvilIcons.ttf */,
				52B93A937D88407497D5D4CA /* Feather.ttf */,
				FEF44AA887D0417F80021105 /* FontAwesome.ttf */,
				ABEF1005714B47769DAF9519 /* FontAwesome5_Brands.ttf */,
				17413B1E49524FF2B9CF7A35 /* FontAwesome5_Regular.ttf */,
				1BFD7B8A12544D8BB82FBC3E /* FontAwesome5_Solid.ttf */,
				C8370C5264074858AD3CB9DF /* Fontisto.ttf */,
				3CA4F7AB04C747D8A6E6381E /* Foundation.ttf */,
				FF8E49CFB9E14FEB99C832AC /* Ionicons.ttf */,
				07A6E9AF7B4E4DD38DB4CC7D /* MaterialCommunityIcons.ttf */,
				8570290D9CAA490182959149 /* MaterialIcons.ttf */,
				5C303B64A323488892BBAF1D /* Octicons.ttf */,
				C858FFD0696C4317AE4F19A5 /* SimpleLineIcons.ttf */,
				475C332350C64A698A6E85E3 /* Zocial.ttf */,
			);
			name = Resources;
			sourceTree = "<group>";
			path = "";
		};
/* End PBXGroup section */

/* Begin PBXNativeTarget section */
		00E356ED1AD99517003FC87E /* Shopping_AppTests */ = {
			isa = PBXNativeTarget;
			buildConfigurationList = 00E357021AD99517003FC87E /* Build configuration list for PBXNativeTarget "Shopping_AppTests" */;
			buildPhases = (
				00E356EA1AD99517003FC87E /* Sources */,
				00E356EB1AD99517003FC87E /* Frameworks */,
				00E356EC1AD99517003FC87E /* Resources */,
			);
			buildRules = (
			);
			dependencies = (
				00E356F51AD99517003FC87E /* PBXTargetDependency */,
			);
			name = Shopping_AppTests;
			productName = Shopping_AppTests;
			productReference = 00E356EE1AD99517003FC87E /* Shopping_AppTests.xctest */;
			productType = "com.apple.product-type.bundle.unit-test";
		};
		13B07F861A680F5B00A75B9A /* Shopping_App */ = {
			isa = PBXNativeTarget;
			buildConfigurationList = 13B07F931A680F5B00A75B9A /* Build configuration list for PBXNativeTarget "Shopping_App" */;
			buildPhases = (
				FD10A7F022414F080027D42C /* Start Packager */,
				13B07F871A680F5B00A75B9A /* Sources */,
				13B07F8C1A680F5B00A75B9A /* Frameworks */,
				13B07F8E1A680F5B00A75B9A /* Resources */,
				00DD1BFF1BD5951E006B06BC /* Bundle React Native code and images */,
			);
			buildRules = (
			);
			dependencies = (
			);
			name = Shopping_App;
			productName = Shopping_App;
			productReference = 13B07F961A680F5B00A75B9A /* Shopping_App.app */;
			productType = "com.apple.product-type.application";
		};
/* End PBXNativeTarget section */

/* Begin PBXProject section */
		83CBB9F71A601CBA00E9B192 /* Project object */ = {
			isa = PBXProject;
			attributes = {
				LastUpgradeCheck = 1210;
				TargetAttributes = {
					00E356ED1AD99517003FC87E = {
						CreatedOnToolsVersion = 6.2;
						TestTargetID = 13B07F861A680F5B00A75B9A;
					};
					13B07F861A680F5B00A75B9A = {
						LastSwiftMigration = 1120;
					};
				};
			};
			buildConfigurationList = 83CBB9FA1A601CBA00E9B192 /* Build configuration list for PBXProject "Shopping_App" */;
			compatibilityVersion = "Xcode 12.0";
			developmentRegion = en;
			hasScannedForEncodings = 0;
			knownRegions = (
				en,
				Base,
			);
			mainGroup = 83CBB9F61A601CBA00E9B192;
			productRefGroup = 83CBBA001A601CBA00E9B192 /* Products */;
			projectDirPath = "";
			projectRoot = "";
			targets = (
				13B07F861A680F5B00A75B9A /* Shopping_App */,
				00E356ED1AD99517003FC87E /* Shopping_AppTests */,
			);
		};
/* End PBXProject section */

/* Begin PBXResourcesBuildPhase section */
		00E356EC1AD99517003FC87E /* Resources */ = {
			isa = PBXResourcesBuildPhase;
			buildActionMask = 2147483647;
			files = (
			);
			runOnlyForDeploymentPostprocessing = 0;
		};
		13B07F8E1A680F5B00A75B9A /* Resources */ = {
			isa = PBXResourcesBuildPhase;
			buildActionMask = 2147483647;
			files = (
				81AB9BB82411601600AC10FF /* LaunchScreen.storyboard in Resources */,
				13B07FBF1A68108700A75B9A /* Images.xcassets in Resources */,
				B2887C46D6D94B569CDB4026 /* helvetica-neue-bold-italic.ttf in Resources */,
				4B5E2EEE0F134DE9BB3F263F /* helvetica-neue-bold.ttf in Resources */,
				95EDA5A62FFF41B1979C2E40 /* helvetica-neue-condensed-black.ttf in Resources */,
				51D070745E43462E867EF04A /* helvetica-neue-condensed-bold.ttf in Resources */,
				7972B5443EE74DF08FD0E9EA /* helvetica-neue-italic.ttf in Resources */,
				4AD329A7F1324A9DAB71D904 /* helvetica-neue-light-italic.ttf in Resources */,
				0D7122E0003449AFB7ED3B56 /* helvetica-neue-light.ttf in Resources */,
				73068CD6B6344546BA5627AF /* helvetica-neue-medium.ttf in Resources */,
				32EA6B7112554B5FA9A3340B /* helvetica-neue-regular.ttf in Resources */,
				D2080CB4D6C74D3785F433B5 /* helvetica-neue-ultra-light-italic.ttf in Resources */,
				882AEC5A041445A2B3E6EE08 /* helvetica-neue-ultra-light.ttf in Resources */,
				A10A44E87563423E93486B73 /* HelveticaNeue-Bold.otf in Resources */,
				F2EBF40071B34F2088E21ADF /* HelveticaNeue-BoldItalic.otf in Resources */,
				E207CAB09F764F7383B7AD9F /* HelveticaNeue-CondensedBlack.otf in Resources */,
				D1A914F95B034EB6889C4436 /* HelveticaNeue-CondensedBold.otf in Resources */,
				B1625ABBDAFC47A6AF31FD92 /* HelveticaNeue-Italic.otf in Resources */,
				4F015F6710564186AC2378B4 /* HelveticaNeue-Light.otf in Resources */,
				01F1C39086424F9DB212BC44 /* HelveticaNeue-LightItalic.otf in Resources */,
				77B5743D600B499B9130B203 /* HelveticaNeue-Medium.otf in Resources */,
				27425199ED8C481D8FF23E7E /* HelveticaNeue-UltraLight.otf in Resources */,
				60E1EFFF14BE4FD9A365B211 /* HelveticaNeue-UltraLightItalic.otf in Resources */,
				DA2E5F4F4AF24DF1A76722BC /* HelveticaNeue.otf in Resources */,
				58B382220E7B4BE6B0228066 /* helveticaneue.ttf in Resources */,
				68E133EB24DB488CB434F6F8 /* helveticaneuebold.ttf in Resources */,
				9D7561F1618446FA8F3A9E8C /* helveticaneuebolditalic.ttf in Resources */,
				0CA271B8E4174AE490BDC350 /* helveticaneuecondensedblack.ttf in Resources */,
				1D821D07001A483D8248C77F /* helveticaneuecondensedbold.ttf in Resources */,
				14650C6EEC6F4F8989E11573 /* helveticaneueitalic.ttf in Resources */,
				3A129E3F9E2F46529877F92B /* helveticaneuelight.ttf in Resources */,
				1FC2901103B04DD49DDA2CD3 /* helveticaneuelightitalic.ttf in Resources */,
				02B324C76E7A4F899D7D245E /* helveticaneuemedium.ttf in Resources */,
				70F5388CBA2045B19485A4AC /* helveticaneueultralight.ttf in Resources */,
				0ACDE1EC86CC4261916DD64E /* helveticaneueultralightitalic.ttf in Resources */,
				23BBA2C5DEE44865A1920C32 /* Roboto-Black.ttf in Resources */,
				A7CC7578E5EE4A1D9D200727 /* Roboto-BlackItalic.ttf in Resources */,
				7B1CE2BF4B91428F852ADB53 /* Roboto-Bold.ttf in Resources */,
				DF67728482A840BFB772E14F /* Roboto-BoldItalic.ttf in Resources */,
				D460ECA028AC40EB814D3BD7 /* Roboto-Italic.ttf in Resources */,
				B130F4717A5D4080935F3136 /* Roboto-Light.ttf in Resources */,
				26D92E478CED470EB861B94F /* Roboto-LightItalic.ttf in Resources */,
				2663B631F1D940D6930BF82B /* Roboto-Medium.ttf in Resources */,
				D3A0E8C31B7748A18E8F37FA /* Roboto-MediumItalic.ttf in Resources */,
				DA5DC06C13184B0A99D2D167 /* Roboto-Regular.ttf in Resources */,
				589BC7A55D3848E9B7F1C664 /* Roboto-Thin.ttf in Resources */,
				9E2464E5B95C4B0EBE18D71F /* Roboto-ThinItalic.ttf in Resources */,
				E71C756942D64CC6948A1088 /* AntDesign.ttf in Resources */,
				86D3F316B9E54F728952FE6E /* Entypo.ttf in Resources */,
				C3687D1D94904BAA85828317 /* EvilIcons.ttf in Resources */,
				92A213CF45B94AAF9B6A9C19 /* Feather.ttf in Resources */,
				12660046A5E248188E03DF26 /* FontAwesome.ttf in Resources */,
				E8AD86D642BE448A9ADE8B8F /* FontAwesome5_Brands.ttf in Resources */,
				D105A3A5F4754FBD9A427902 /* FontAwesome5_Regular.ttf in Resources */,
				B7A58C9361AE4532B20E248E /* FontAwesome5_Solid.ttf in Resources */,
				6F6793821365426D915AA6FB /* Fontisto.ttf in Resources */,
				FC5FCA2C23D7416680A8D5FD /* Foundation.ttf in Resources */,
				85A0A92838484EE496C2D0BC /* Ionicons.ttf in Resources */,
				2130035DFF9C479491F66018 /* MaterialCommunityIcons.ttf in Resources */,
				176486BB29E3474B9DD65619 /* MaterialIcons.ttf in Resources */,
				8BD5A8CB0348424697D16825 /* Octicons.ttf in Resources */,
				2E79EA848E0B4D8C8A8DBC25 /* SimpleLineIcons.ttf in Resources */,
				B2E91884087147648EC2D989 /* Zocial.ttf in Resources */,
			);
			runOnlyForDeploymentPostprocessing = 0;
		};
/* End PBXResourcesBuildPhase section */

/* Begin PBXShellScriptBuildPhase section */
		00DD1BFF1BD5951E006B06BC /* Bundle React Native code and images */ = {
			isa = PBXShellScriptBuildPhase;
			buildActionMask = 2147483647;
			files = (
			);
			inputPaths = (
			);
			name = "Bundle React Native code and images";
			outputPaths = (
			);
			runOnlyForDeploymentPostprocessing = 0;
			shellPath = /bin/sh;
			shellScript = "set -e\n\nexport NODE_BINARY=node\n../node_modules/react-native/scripts/react-native-xcode.sh\n";
		};
		FD10A7F022414F080027D42C /* Start Packager */ = {
			isa = PBXShellScriptBuildPhase;
			buildActionMask = 2147483647;
			files = (
			);
			inputFileListPaths = (
			);
			inputPaths = (
			);
			name = "Start Packager";
			outputFileListPaths = (
			);
			outputPaths = (
			);
			runOnlyForDeploymentPostprocessing = 0;
			shellPath = /bin/sh;
			shellScript = "export RCT_METRO_PORT=\"${RCT_METRO_PORT:=8081}\"\necho \"export RCT_METRO_PORT=${RCT_METRO_PORT}\" > \"${SRCROOT}/../node_modules/react-native/scripts/.packager.env\"\nif [ -z \"${RCT_NO_LAUNCH_PACKAGER+xxx}\" ] ; then\n  if nc -w 5 -z localhost ${RCT_METRO_PORT} ; then\n    if ! curl -s \"http://localhost:${RCT_METRO_PORT}/status\" | grep -q \"packager-status:running\" ; then\n      echo \"Port ${RCT_METRO_PORT} already in use, packager is either not running or not running correctly\"\n      exit 2\n    fi\n  else\n    open \"$SRCROOT/../node_modules/react-native/scripts/launchPackager.command\" || echo \"Can't start packager automatically\"\n  fi\nfi\n";
			showEnvVarsInLog = 0;
		};
/* End PBXShellScriptBuildPhase section */

/* Begin PBXSourcesBuildPhase section */
		00E356EA1AD99517003FC87E /* Sources */ = {
			isa = PBXSourcesBuildPhase;
			buildActionMask = 2147483647;
			files = (
				00E356F31AD99517003FC87E /* Shopping_AppTests.m in Sources */,
			);
			runOnlyForDeploymentPostprocessing = 0;
		};
		13B07F871A680F5B00A75B9A /* Sources */ = {
			isa = PBXSourcesBuildPhase;
			buildActionMask = 2147483647;
			files = (
				13B07FBC1A68108700A75B9A /* AppDelegate.m in Sources */,
				13B07FC11A68108700A75B9A /* main.m in Sources */,
			);
			runOnlyForDeploymentPostprocessing = 0;
		};
/* End PBXSourcesBuildPhase section */

/* Begin PBXTargetDependency section */
		00E356F51AD99517003FC87E /* PBXTargetDependency */ = {
			isa = PBXTargetDependency;
			target = 13B07F861A680F5B00A75B9A /* Shopping_App */;
			targetProxy = 00E356F41AD99517003FC87E /* PBXContainerItemProxy */;
		};
/* End PBXTargetDependency section */

/* Begin XCBuildConfiguration section */
		00E356F61AD99517003FC87E /* Debug */ = {
			isa = XCBuildConfiguration;
			buildSettings = {
				BUNDLE_LOADER = "$(TEST_HOST)";
				GCC_PREPROCESSOR_DEFINITIONS = (
					"DEBUG=1",
					"$(inherited)",
				);
				INFOPLIST_FILE = Shopping_AppTests/Info.plist;
				IPHONEOS_DEPLOYMENT_TARGET = 11.0;
				LD_RUNPATH_SEARCH_PATHS = (
					"$(inherited)",
					"@executable_path/Frameworks",
					"@loader_path/Frameworks",
				);
				OTHER_LDFLAGS = (
					"-ObjC",
					"-lc++",
					"$(inherited)",
				);
				PRODUCT_BUNDLE_IDENTIFIER = "org.reactjs.native.example.$(PRODUCT_NAME:rfc1034identifier)";
				PRODUCT_NAME = "$(TARGET_NAME)";
				TEST_HOST = "$(BUILT_PRODUCTS_DIR)/Shopping_App.app/Shopping_App";
			};
			name = Debug;
		};
		00E356F71AD99517003FC87E /* Release */ = {
			isa = XCBuildConfiguration;
			buildSettings = {
				BUNDLE_LOADER = "$(TEST_HOST)";
				COPY_PHASE_STRIP = NO;
				INFOPLIST_FILE = Shopping_AppTests/Info.plist;
				IPHONEOS_DEPLOYMENT_TARGET = 11.0;
				LD_RUNPATH_SEARCH_PATHS = (
					"$(inherited)",
					"@executable_path/Frameworks",
					"@loader_path/Frameworks",
				);
				OTHER_LDFLAGS = (
					"-ObjC",
					"-lc++",
					"$(inherited)",
				);
				PRODUCT_BUNDLE_IDENTIFIER = "org.reactjs.native.example.$(PRODUCT_NAME:rfc1034identifier)";
				PRODUCT_NAME = "$(TARGET_NAME)";
				TEST_HOST = "$(BUILT_PRODUCTS_DIR)/Shopping_App.app/Shopping_App";
			};
			name = Release;
		};
		13B07F941A680F5B00A75B9A /* Debug */ = {
			isa = XCBuildConfiguration;
			buildSettings = {
				ASSETCATALOG_COMPILER_APPICON_NAME = AppIcon;
				CLANG_ENABLE_MODULES = YES;
				CURRENT_PROJECT_VERSION = 1;
				ENABLE_BITCODE = NO;
				INFOPLIST_FILE = Shopping_App/Info.plist;
				LD_RUNPATH_SEARCH_PATHS = (
					"$(inherited)",
					"@executable_path/Frameworks",
				);
				OTHER_LDFLAGS = (
					"$(inherited)",
					"-ObjC",
					"-lc++",
				);
				PRODUCT_BUNDLE_IDENTIFIER = "org.reactjs.native.example.$(PRODUCT_NAME:rfc1034identifier)";
				PRODUCT_NAME = Shopping_App;
				SWIFT_OPTIMIZATION_LEVEL = "-Onone";
				SWIFT_VERSION = 5.0;
				VERSIONING_SYSTEM = "apple-generic";
			};
			name = Debug;
		};
		13B07F951A680F5B00A75B9A /* Release */ = {
			isa = XCBuildConfiguration;
			buildSettings = {
				ASSETCATALOG_COMPILER_APPICON_NAME = AppIcon;
				CLANG_ENABLE_MODULES = YES;
				CURRENT_PROJECT_VERSION = 1;
				INFOPLIST_FILE = Shopping_App/Info.plist;
				LD_RUNPATH_SEARCH_PATHS = (
					"$(inherited)",
					"@executable_path/Frameworks",
				);
				OTHER_LDFLAGS = (
					"$(inherited)",
					"-ObjC",
					"-lc++",
				);
				PRODUCT_BUNDLE_IDENTIFIER = "org.reactjs.native.example.$(PRODUCT_NAME:rfc1034identifier)";
				PRODUCT_NAME = Shopping_App;
				SWIFT_VERSION = 5.0;
				VERSIONING_SYSTEM = "apple-generic";
			};
			name = Release;
		};
		83CBBA201A601CBA00E9B192 /* Debug */ = {
			isa = XCBuildConfiguration;
			buildSettings = {
				ALWAYS_SEARCH_USER_PATHS = NO;
				CLANG_ANALYZER_LOCALIZABILITY_NONLOCALIZED = YES;
				CLANG_CXX_LANGUAGE_STANDARD = "gnu++0x";
				CLANG_CXX_LIBRARY = "libc++";
				CLANG_ENABLE_MODULES = YES;
				CLANG_ENABLE_OBJC_ARC = YES;
				CLANG_WARN_BLOCK_CAPTURE_AUTORELEASING = YES;
				CLANG_WARN_BOOL_CONVERSION = YES;
				CLANG_WARN_COMMA = YES;
				CLANG_WARN_CONSTANT_CONVERSION = YES;
				CLANG_WARN_DEPRECATED_OBJC_IMPLEMENTATIONS = YES;
				CLANG_WARN_DIRECT_OBJC_ISA_USAGE = YES_ERROR;
				CLANG_WARN_EMPTY_BODY = YES;
				CLANG_WARN_ENUM_CONVERSION = YES;
				CLANG_WARN_INFINITE_RECURSION = YES;
				CLANG_WARN_INT_CONVERSION = YES;
				CLANG_WARN_NON_LITERAL_NULL_CONVERSION = YES;
				CLANG_WARN_OBJC_IMPLICIT_RETAIN_SELF = YES;
				CLANG_WARN_OBJC_LITERAL_CONVERSION = YES;
				CLANG_WARN_OBJC_ROOT_CLASS = YES_ERROR;
				CLANG_WARN_QUOTED_INCLUDE_IN_FRAMEWORK_HEADER = YES;
				CLANG_WARN_RANGE_LOOP_ANALYSIS = YES;
				CLANG_WARN_STRICT_PROTOTYPES = YES;
				CLANG_WARN_SUSPICIOUS_MOVE = YES;
				CLANG_WARN_UNREACHABLE_CODE = YES;
				CLANG_WARN__DUPLICATE_METHOD_MATCH = YES;
				"CODE_SIGN_IDENTITY[sdk=iphoneos*]" = "iPhone Developer";
				COPY_PHASE_STRIP = NO;
				ENABLE_STRICT_OBJC_MSGSEND = YES;
				ENABLE_TESTABILITY = YES;
				GCC_C_LANGUAGE_STANDARD = gnu99;
				GCC_DYNAMIC_NO_PIC = NO;
				GCC_NO_COMMON_BLOCKS = YES;
				GCC_OPTIMIZATION_LEVEL = 0;
				GCC_PREPROCESSOR_DEFINITIONS = (
					"DEBUG=1",
					"$(inherited)",
				);
				GCC_SYMBOLS_PRIVATE_EXTERN = NO;
				GCC_WARN_64_TO_32_BIT_CONVERSION = YES;
				GCC_WARN_ABOUT_RETURN_TYPE = YES_ERROR;
				GCC_WARN_UNDECLARED_SELECTOR = YES;
				GCC_WARN_UNINITIALIZED_AUTOS = YES_AGGRESSIVE;
				GCC_WARN_UNUSED_FUNCTION = YES;
				GCC_WARN_UNUSED_VARIABLE = YES;
				IPHONEOS_DEPLOYMENT_TARGET = 11.0;
				LD_RUNPATH_SEARCH_PATHS = (
					/usr/lib/swift,
					"$(inherited)",
				);
				LIBRARY_SEARCH_PATHS = (
					"\"$(SDKROOT)/usr/lib/swift\"",
					"\"$(TOOLCHAIN_DIR)/usr/lib/swift/$(PLATFORM_NAME)\"",
					"\"$(inherited)\"",
				);
				MTL_ENABLE_DEBUG_INFO = YES;
				ONLY_ACTIVE_ARCH = YES;
				SDKROOT = iphoneos;
			};
			name = Debug;
		};
		83CBBA211A601CBA00E9B192 /* Release */ = {
			isa = XCBuildConfiguration;
			buildSettings = {
				ALWAYS_SEARCH_USER_PATHS = NO;
				CLANG_ANALYZER_LOCALIZABILITY_NONLOCALIZED = YES;
				CLANG_CXX_LANGUAGE_STANDARD = "gnu++0x";
				CLANG_CXX_LIBRARY = "libc++";
				CLANG_ENABLE_MODULES = YES;
				CLANG_ENABLE_OBJC_ARC = YES;
				CLANG_WARN_BLOCK_CAPTURE_AUTORELEASING = YES;
				CLANG_WARN_BOOL_CONVERSION = YES;
				CLANG_WARN_COMMA = YES;
				CLANG_WARN_CONSTANT_CONVERSION = YES;
				CLANG_WARN_DEPRECATED_OBJC_IMPLEMENTATIONS = YES;
				CLANG_WARN_DIRECT_OBJC_ISA_USAGE = YES_ERROR;
				CLANG_WARN_EMPTY_BODY = YES;
				CLANG_WARN_ENUM_CONVERSION = YES;
				CLANG_WARN_INFINITE_RECURSION = YES;
				CLANG_WARN_INT_CONVERSION = YES;
				CLANG_WARN_NON_LITERAL_NULL_CONVERSION = YES;
				CLANG_WARN_OBJC_IMPLICIT_RETAIN_SELF = YES;
				CLANG_WARN_OBJC_LITERAL_CONVERSION = YES;
				CLANG_WARN_OBJC_ROOT_CLASS = YES_ERROR;
				CLANG_WARN_QUOTED_INCLUDE_IN_FRAMEWORK_HEADER = YES;
				CLANG_WARN_RANGE_LOOP_ANALYSIS = YES;
				CLANG_WARN_STRICT_PROTOTYPES = YES;
				CLANG_WARN_SUSPICIOUS_MOVE = YES;
				CLANG_WARN_UNREACHABLE_CODE = YES;
				CLANG_WARN__DUPLICATE_METHOD_MATCH = YES;
				"CODE_SIGN_IDENTITY[sdk=iphoneos*]" = "iPhone Developer";
				COPY_PHASE_STRIP = YES;
				ENABLE_NS_ASSERTIONS = NO;
				ENABLE_STRICT_OBJC_MSGSEND = YES;
				GCC_C_LANGUAGE_STANDARD = gnu99;
				GCC_NO_COMMON_BLOCKS = YES;
				GCC_WARN_64_TO_32_BIT_CONVERSION = YES;
				GCC_WARN_ABOUT_RETURN_TYPE = YES_ERROR;
				GCC_WARN_UNDECLARED_SELECTOR = YES;
				GCC_WARN_UNINITIALIZED_AUTOS = YES_AGGRESSIVE;
				GCC_WARN_UNUSED_FUNCTION = YES;
				GCC_WARN_UNUSED_VARIABLE = YES;
				IPHONEOS_DEPLOYMENT_TARGET = 11.0;
				LD_RUNPATH_SEARCH_PATHS = (
					/usr/lib/swift,
					"$(inherited)",
				);
				LIBRARY_SEARCH_PATHS = (
					"\"$(SDKROOT)/usr/lib/swift\"",
					"\"$(TOOLCHAIN_DIR)/usr/lib/swift/$(PLATFORM_NAME)\"",
					"\"$(inherited)\"",
				);
				MTL_ENABLE_DEBUG_INFO = NO;
				SDKROOT = iphoneos;
				VALIDATE_PRODUCT = YES;
			};
			name = Release;
		};
/* End XCBuildConfiguration section */

/* Begin XCConfigurationList section */
		00E357021AD99517003FC87E /* Build configuration list for PBXNativeTarget "Shopping_AppTests" */ = {
			isa = XCConfigurationList;
			buildConfigurations = (
				00E356F61AD99517003FC87E /* Debug */,
				00E356F71AD99517003FC87E /* Release */,
			);
			defaultConfigurationIsVisible = 0;
			defaultConfigurationName = Release;
		};
		13B07F931A680F5B00A75B9A /* Build configuration list for PBXNativeTarget "Shopping_App" */ = {
			isa = XCConfigurationList;
			buildConfigurations = (
				13B07F941A680F5B00A75B9A /* Debug */,
				13B07F951A680F5B00A75B9A /* Release */,
			);
			defaultConfigurationIsVisible = 0;
			defaultConfigurationName = Release;
		};
		83CBB9FA1A601CBA00E9B192 /* Build configuration list for PBXProject "Shopping_App" */ = {
			isa = XCConfigurationList;
			buildConfigurations = (
				83CBBA201A601CBA00E9B192 /* Debug */,
				83CBBA211A601CBA00E9B192 /* Release */,
			);
			defaultConfigurationIsVisible = 0;
			defaultConfigurationName = Release;
		};
/* End XCConfigurationList section */
	};
	rootObject = 83CBB9F71A601CBA00E9B192 /* Project object */;
}
